
Microsoft Visual Studio Solution File, Format Version 12.00
# Visual Studio Version 16
VisualStudioVersion = 16.0.30011.22
MinimumVisualStudioVersion = 10.0.40219.1
Project("{9A19103F-16F7-4668-BE54-9A1E7A4F7556}") = "NeoMatrix", "NeoMatrix\NeoMatrix.csproj", "{C816EF05-0AEB-4702-B699-24402D3999A2}"
EndProject
Project("{9A19103F-16F7-4668-BE54-9A1E7A4F7556}") = "NeoMatrix.Rpc", "NeoMatrix.Rpc\NeoMatrix.Rpc.csproj", "{1A4EF242-4748-4547-A4AF-00C46DA3A918}"
EndProject
Project("{2150E333-8FDC-42A3-9474-1A3956D46DE8}") = "src", "src", "{EBC1767D-83C5-4291-BE10-E2D1FECF0A1E}"
EndProject
Project("{9A19103F-16F7-4668-BE54-9A1E7A4F7556}") = "NeoMatrix.Data", "NeoMatrix.Data\NeoMatrix.Data.csproj", "{D0738332-1B49-440A-8340-36FCFBBBEC60}"
EndProject
Project("{FAE04EC0-301F-11D3-BF4B-00C04F79EFBC}") = "NeoMatrix.Validation", "NeoMatrix.Validation\NeoMatrix.Validation.csproj", "{6EB0601F-9CA3-4758-8890-FE6ED1E223B2}"
EndProject
Global
	GlobalSection(SolutionConfigurationPlatforms) = preSolution
		Debug|Any CPU = Debug|Any CPU
		Release|Any CPU = Release|Any CPU
	EndGlobalSection
	GlobalSection(ProjectConfigurationPlatforms) = postSolution
		{C816EF05-0AEB-4702-B699-24402D3999A2}.Debug|Any CPU.ActiveCfg = Debug|Any CPU
		{C816EF05-0AEB-4702-B699-24402D3999A2}.Debug|Any CPU.Build.0 = Debug|Any CPU
		{C816EF05-0AEB-4702-B699-24402D3999A2}.Release|Any CPU.ActiveCfg = Release|Any CPU
		{C816EF05-0AEB-4702-B699-24402D3999A2}.Release|Any CPU.Build.0 = Release|Any CPU
		{1A4EF242-4748-4547-A4AF-00C46DA3A918}.Debug|Any CPU.ActiveCfg = Debug|Any CPU
		{1A4EF242-4748-4547-A4AF-00C46DA3A918}.Debug|Any CPU.Build.0 = Debug|Any CPU
		{1A4EF242-4748-4547-A4AF-00C46DA3A918}.Release|Any CPU.ActiveCfg = Release|Any CPU
		{1A4EF242-4748-4547-A4AF-00C46DA3A918}.Release|Any CPU.Build.0 = Release|Any CPU
		{D0738332-1B49-440A-8340-36FCFBBBEC60}.Debug|Any CPU.ActiveCfg = Debug|Any CPU
		{D0738332-1B49-440A-8340-36FCFBBBEC60}.Debug|Any CPU.Build.0 = Debug|Any CPU
		{D0738332-1B49-440A-8340-36FCFBBBEC60}.Release|Any CPU.ActiveCfg = Release|Any CPU
		{D0738332-1B49-440A-8340-36FCFBBBEC60}.Release|Any CPU.Build.0 = Release|Any CPU
		{6EB0601F-9CA3-4758-8890-FE6ED1E223B2}.Debug|Any CPU.ActiveCfg = Debug|Any CPU
		{6EB0601F-9CA3-4758-8890-FE6ED1E223B2}.Debug|Any CPU.Build.0 = Debug|Any CPU
		{6EB0601F-9CA3-4758-8890-FE6ED1E223B2}.Release|Any CPU.ActiveCfg = Release|Any CPU
		{6EB0601F-9CA3-4758-8890-FE6ED1E223B2}.Release|Any CPU.Build.0 = Release|Any CPU
	EndGlobalSection
	GlobalSection(SolutionProperties) = preSolution
		HideSolutionNode = FALSE
	EndGlobalSection
	GlobalSection(NestedProjects) = preSolution
		{C816EF05-0AEB-4702-B699-24402D3999A2} = {EBC1767D-83C5-4291-BE10-E2D1FECF0A1E}
		{1A4EF242-4748-4547-A4AF-00C46DA3A918} = {EBC1767D-83C5-4291-BE10-E2D1FECF0A1E}
		{D0738332-1B49-440A-8340-36FCFBBBEC60} = {EBC1767D-83C5-4291-BE10-E2D1FECF0A1E}
		{6EB0601F-9CA3-4758-8890-FE6ED1E223B2} = {EBC1767D-83C5-4291-BE10-E2D1FECF0A1E}
	EndGlobalSection
	GlobalSection(ExtensibilityGlobals) = postSolution
		SolutionGuid = {9197F20E-F7D3-4083-8950-F2FC08817F4C}
	EndGlobalSection
EndGlobal
